
Microsoft Visual Studio Solution File, Format Version 12.00
# Visual Studio Version 16
VisualStudioVersion = 16.0.29709.97
MinimumVisualStudioVersion = 10.0.40219.1
Project("{FAE04EC0-301F-11D3-BF4B-00C04F79EFBC}") = "Car_Rental_Application", "Car_Rental_Application\Car_Rental_Application.csproj", "{CF1A7001-BDC2-4ACB-95A7-76D011D8F634}"
EndProject
Global
	GlobalSection(SolutionConfigurationPlatforms) = preSolution
		Debug|Any CPU = Debug|Any CPU
		Release|Any CPU = Release|Any CPU
	EndGlobalSection
	GlobalSection(ProjectConfigurationPlatforms) = postSolution
		{CF1A7001-BDC2-4ACB-95A7-76D011D8F634}.Debug|Any CPU.ActiveCfg = Debug|Any CPU
		{CF1A7001-BDC2-4ACB-95A7-76D011D8F634}.Debug|Any CPU.Build.0 = Debug|Any CPU
		{CF1A7001-BDC2-4ACB-95A7-76D011D8F634}.Release|Any CPU.ActiveCfg = Release|Any CPU
		{CF1A7001-BDC2-4ACB-95A7-76D011D8F634}.Release|Any CPU.Build.0 = Release|Any CPU
	EndGlobalSection
	GlobalSection(SolutionProperties) = preSolution
		HideSolutionNode = FALSE
	EndGlobalSection
	GlobalSection(ExtensibilityGlobals) = postSolution
		SolutionGuid = {5CC4835E-3075-4032-94F5-1A9C32F94221}
	EndGlobalSection
EndGlobal
